
Microsoft Visual Studio Solution File, Format Version 12.00
# Visual Studio Version 17
VisualStudioVersion = 17.9.34728.123
MinimumVisualStudioVersion = 10.0.40219.1
Project("{FAE04EC0-301F-11D3-BF4B-00C04F79EFBC}") = "ChatLocalCliente", "ChatLocalCliente.csproj", "{740B2615-A211-4AEC-A61D-DC1FF2A82184}"
EndProject
Global
	GlobalSection(SolutionConfigurationPlatforms) = preSolution
		Debug|Any CPU = Debug|Any CPU
		Release|Any CPU = Release|Any CPU
	EndGlobalSection
	GlobalSection(ProjectConfigurationPlatforms) = postSolution
		{740B2615-A211-4AEC-A61D-DC1FF2A82184}.Debug|Any CPU.ActiveCfg = Debug|Any CPU
		{740B2615-A211-4AEC-A61D-DC1FF2A82184}.Debug|Any CPU.Build.0 = Debug|Any CPU
		{740B2615-A211-4AEC-A61D-DC1FF2A82184}.Release|Any CPU.ActiveCfg = Release|Any CPU
		{740B2615-A211-4AEC-A61D-DC1FF2A82184}.Release|Any CPU.Build.0 = Release|Any CPU
	EndGlobalSection
	GlobalSection(SolutionProperties) = preSolution
		HideSolutionNode = FALSE
	EndGlobalSection
	GlobalSection(ExtensibilityGlobals) = postSolution
		SolutionGuid = {96FA2353-75F3-4460-9C95-A2A872505453}
	EndGlobalSection
EndGlobal
